PODS:
  - HydraAsync (1.2.1)
  - OktaAppAuth (1.1.0.beta-okta):
    - OktaAppAuth/Core (= 1.1.0.beta-okta)
    - OktaAppAuth/ExternalUserAgent (= 1.1.0.beta-okta)
  - OktaAppAuth/Core (1.1.0.beta-okta)
  - OktaAppAuth/ExternalUserAgent (1.1.0.beta-okta)
  - OktaAuth (1.0.1):
    - HydraAsync (~> 1.2.1)
    - OktaAppAuth (= 1.1.0.beta-okta)

DEPENDENCIES:
  - "OktaAuth (from `git@github.com:okta/okta-sdk-appauth-ios.git`, branch `session-token-to-auth-tocken-exchange`)"

SPEC REPOS:
  https://github.com/cocoapods/specs.git:
    - HydraAsync
    - OktaAppAuth

EXTERNAL SOURCES:
  OktaAuth:
    :branch: session-token-to-auth-tocken-exchange
    :git: "git@github.com:okta/okta-sdk-appauth-ios.git"

CHECKOUT OPTIONS:
  OktaAuth:
    :commit: 61369892de4a0d33147d07e820b0a23bebb78421
    :git: "git@github.com:okta/okta-sdk-appauth-ios.git"

SPEC CHECKSUMS:
  HydraAsync: 8f2ab62d57e140b4ca587ae0f66e1eb04e8e6965
  OktaAppAuth: 73adafde8072610ecddf21844409b2e6c421f8cc
  OktaAuth: 284a5b1041357802ca868f5d3aaa314354afb9fb

PODFILE CHECKSUM: c1b27b079c2b05ef9b29e57e0677be07c81d89eb

COCOAPODS: 1.6.0.beta.2
