// !$*UTF8*$!
{
	archiveVersion = 1;
	classes = {
	};
	objectVersion = 52;
	objects = {

/* Begin PBXBuildFile section */
		2FA4564B21F2031C000ACBE2 /* AppDelegate.swift in Sources */ = {isa = PBXBuildFile; fileRef = 2FA4564A21F2031C000ACBE2 /* AppDelegate.swift */; };
		2FA4564D21F2031C000ACBE2 /* SignInViewController.swift in Sources */ = {isa = PBXBuildFile; fileRef = 2FA4564C21F2031C000ACBE2 /* SignInViewController.swift */; };
		2FA4564F21F2031C000ACBE2 /* DetailViewController.swift in Sources */ = {isa = PBXBuildFile; fileRef = 2FA4564E21F2031C000ACBE2 /* DetailViewController.swift */; };
		2FA4565221F2031C000ACBE2 /* Main.storyboard in Resources */ = {isa = PBXBuildFile; fileRef = 2FA4565021F2031C000ACBE2 /* Main.storyboard */; };
		2FA4565421F2031D000ACBE2 /* Assets.xcassets in Resources */ = {isa = PBXBuildFile; fileRef = 2FA4565321F2031D000ACBE2 /* Assets.xcassets */; };
		2FA4565721F2031D000ACBE2 /* LaunchScreen.storyboard in Resources */ = {isa = PBXBuildFile; fileRef = 2FA4565521F2031D000ACBE2 /* LaunchScreen.storyboard */; };
		2FA4565F21F5C819000ACBE2 /* Okta.plist in Resources */ = {isa = PBXBuildFile; fileRef = 2FA4565E21F5C819000ACBE2 /* Okta.plist */; };
		2FA4566121F61E80000ACBE2 /* TokensViewController.swift in Sources */ = {isa = PBXBuildFile; fileRef = 2FA4566021F61E80000ACBE2 /* TokensViewController.swift */; };
		96FAF82927308E27008CF31F /* OktaOidc in Frameworks */ = {isa = PBXBuildFile; productRef = 96FAF82827308E27008CF31F /* OktaOidc */; };
		96FAF82C27308E65008CF31F /* OktaSecureStorage in Frameworks */ = {isa = PBXBuildFile; productRef = 96FAF82B27308E65008CF31F /* OktaSecureStorage */; };
/* End PBXBuildFile section */

/* Begin PBXFileReference section */
		2FA4564721F2031C000ACBE2 /* OktaBrowserSignIn.app */ = {isa = PBXFileReference; explicitFileType = wrapper.application; includeInIndex = 0; path = OktaBrowserSignIn.app; sourceTree = BUILT_PRODUCTS_DIR; };
		2FA4564A21F2031C000ACBE2 /* AppDelegate.swift */ = {isa = PBXFileReference; lastKnownFileType = sourcecode.swift; path = AppDelegate.swift; sourceTree = "<group>"; };
		2FA4564C21F2031C000ACBE2 /* SignInViewController.swift */ = {isa = PBXFileReference; lastKnownFileType = sourcecode.swift; path = SignInViewController.swift; sourceTree = "<group>"; };
		2FA4564E21F2031C000ACBE2 /* DetailViewController.swift */ = {isa = PBXFileReference; lastKnownFileType = sourcecode.swift; path = DetailViewController.swift; sourceTree = "<group>"; };
		2FA4565121F2031C000ACBE2 /* Base */ = {isa = PBXFileReference; lastKnownFileType = file.storyboard; name = Base; path = Base.lproj/Main.storyboard; sourceTree = "<group>"; };
		2FA4565321F2031D000ACBE2 /* Assets.xcassets */ = {isa = PBXFileReference; lastKnownFileType = folder.assetcatalog; path = Assets.xcassets; sourceTree = "<group>"; };
		2FA4565621F2031D000ACBE2 /* Base */ = {isa = PBXFileReference; lastKnownFileType = file.storyboard; name = Base; path = Base.lproj/LaunchScreen.storyboard; sourceTree = "<group>"; };
		2FA4565821F2031D000ACBE2 /* Info.plist */ = {isa = PBXFileReference; lastKnownFileType = text.plist.xml; path = Info.plist; sourceTree = "<group>"; };
		2FA4565E21F5C819000ACBE2 /* Okta.plist */ = {isa = PBXFileReference; lastKnownFileType = text.plist.xml; path = Okta.plist; sourceTree = "<group>"; };
		2FA4566021F61E80000ACBE2 /* TokensViewController.swift */ = {isa = PBXFileReference; lastKnownFileType = sourcecode.swift; path = TokensViewController.swift; sourceTree = "<group>"; };
		9032FD27223BDE562D95BA53 /* Pods_OktaBrowserSignIn.framework */ = {isa = PBXFileReference; explicitFileType = wrapper.framework; includeInIndex = 0; path = Pods_OktaBrowserSignIn.framework; sourceTree = BUILT_PRODUCTS_DIR; };
/* End PBXFileReference section */

/* Begin PBXFrameworksBuildPhase section */
		2FA4564421F2031C000ACBE2 /* Frameworks */ = {
			isa = PBXFrameworksBuildPhase;
			buildActionMask = 2147483647;
			files = (
				96FAF82927308E27008CF31F /* OktaOidc in Frameworks */,
				96FAF82C27308E65008CF31F /* OktaSecureStorage in Frameworks */,
			);
			runOnlyForDeploymentPostprocessing = 0;
		};
/* End PBXFrameworksBuildPhase section */

/* Begin PBXGroup section */
		25E6148975D46B66E86880CC /* Frameworks */ = {
			isa = PBXGroup;
			children = (
				9032FD27223BDE562D95BA53 /* Pods_OktaBrowserSignIn.framework */,
			);
			name = Frameworks;
			sourceTree = "<group>";
		};
		2FA4563E21F2031C000ACBE2 = {
			isa = PBXGroup;
			children = (
				2FA4564921F2031C000ACBE2 /* OktaBrowserSignIn */,
				2FA4564821F2031C000ACBE2 /* Products */,
				25E6148975D46B66E86880CC /* Frameworks */,
			);
			sourceTree = "<group>";
		};
		2FA4564821F2031C000ACBE2 /* Products */ = {
			isa = PBXGroup;
			children = (
				2FA4564721F2031C000ACBE2 /* OktaBrowserSignIn.app */,
			);
			name = Products;
			sourceTree = "<group>";
		};
		2FA4564921F2031C000ACBE2 /* OktaBrowserSignIn */ = {
			isa = PBXGroup;
			children = (
				2FA4564A21F2031C000ACBE2 /* AppDelegate.swift */,
				2FA4564C21F2031C000ACBE2 /* SignInViewController.swift */,
				2FA4564E21F2031C000ACBE2 /* DetailViewController.swift */,
				2FA4566021F61E80000ACBE2 /* TokensViewController.swift */,
				2FA4565021F2031C000ACBE2 /* Main.storyboard */,
				2FA4565321F2031D000ACBE2 /* Assets.xcassets */,
				2FA4565521F2031D000ACBE2 /* LaunchScreen.storyboard */,
				2FA4565821F2031D000ACBE2 /* Info.plist */,
				2FA4565E21F5C819000ACBE2 /* Okta.plist */,
			);
			path = OktaBrowserSignIn;
			sourceTree = "<group>";
		};
/* End PBXGroup section */

/* Begin PBXNativeTarget section */
		2FA4564621F2031C000ACBE2 /* OktaBrowserSignIn */ = {
			isa = PBXNativeTarget;
			buildConfigurationList = 2FA4565B21F2031D000ACBE2 /* Build configuration list for PBXNativeTarget "OktaBrowserSignIn" */;
			buildPhases = (
				2FA4564321F2031C000ACBE2 /* Sources */,
				2FA4564421F2031C000ACBE2 /* Frameworks */,
				2FA4564521F2031C000ACBE2 /* Resources */,
			);
			buildRules = (
			);
			dependencies = (
				96FAF82E2730B040008CF31F /* PBXTargetDependency */,
				96FAF8302730B040008CF31F /* PBXTargetDependency */,
			);
			name = OktaBrowserSignIn;
			packageProductDependencies = (
				96FAF82827308E27008CF31F /* OktaOidc */,
				96FAF82B27308E65008CF31F /* OktaSecureStorage */,
			);
			productName = OktaBrowserSignIn;
			productReference = 2FA4564721F2031C000ACBE2 /* OktaBrowserSignIn.app */;
			productType = "com.apple.product-type.application";
		};
/* End PBXNativeTarget section */

/* Begin PBXProject section */
		2FA4563F21F2031C000ACBE2 /* Project object */ = {
			isa = PBXProject;
			attributes = {
				LastSwiftUpdateCheck = 1010;
				LastUpgradeCheck = 1010;
				ORGANIZATIONNAME = Okta;
				TargetAttributes = {
					2FA4564621F2031C000ACBE2 = {
						CreatedOnToolsVersion = 10.1;
					};
				};
			};
			buildConfigurationList = 2FA4564221F2031C000ACBE2 /* Build configuration list for PBXProject "OktaSignInAndStorage" */;
			compatibilityVersion = "Xcode 9.3";
			developmentRegion = en;
			hasScannedForEncodings = 0;
			knownRegions = (
				en,
				Base,
			);
			mainGroup = 2FA4563E21F2031C000ACBE2;
			packageReferences = (
				96FAF82727308E27008CF31F /* XCRemoteSwiftPackageReference "okta-oidc-ios" */,
				96FAF82A27308E65008CF31F /* XCRemoteSwiftPackageReference "okta-storage-swift" */,
			);
			productRefGroup = 2FA4564821F2031C000ACBE2 /* Products */;
			projectDirPath = "";
			projectRoot = "";
			targets = (
				2FA4564621F2031C000ACBE2 /* OktaBrowserSignIn */,
			);
		};
/* End PBXProject section */

/* Begin PBXResourcesBuildPhase section */
		2FA4564521F2031C000ACBE2 /* Resources */ = {
			isa = PBXResourcesBuildPhase;
			buildActionMask = 2147483647;
			files = (
				2FA4565721F2031D000ACBE2 /* LaunchScreen.storyboard in Resources */,
				2FA4565421F2031D000ACBE2 /* Assets.xcassets in Resources */,
				2FA4565221F2031C000ACBE2 /* Main.storyboard in Resources */,
				2FA4565F21F5C819000ACBE2 /* Okta.plist in Resources */,
			);
			runOnlyForDeploymentPostprocessing = 0;
		};
/* End PBXResourcesBuildPhase section */

/* Begin PBXSourcesBuildPhase section */
		2FA4564321F2031C000ACBE2 /* Sources */ = {
			isa = PBXSourcesBuildPhase;
			buildActionMask = 2147483647;
			files = (
				2FA4566121F61E80000ACBE2 /* TokensViewController.swift in Sources */,
				2FA4564F21F2031C000ACBE2 /* DetailViewController.swift in Sources */,
				2FA4564D21F2031C000ACBE2 /* SignInViewController.swift in Sources */,
				2FA4564B21F2031C000ACBE2 /* AppDelegate.swift in Sources */,
			);
			runOnlyForDeploymentPostprocessing = 0;
		};
/* End PBXSourcesBuildPhase section */

/* Begin PBXTargetDependency section */
		96FAF82E2730B040008CF31F /* PBXTargetDependency */ = {
			isa = PBXTargetDependency;
			productRef = 96FAF82D2730B040008CF31F /* OktaOidc */;
		};
		96FAF8302730B040008CF31F /* PBXTargetDependency */ = {
			isa = PBXTargetDependency;
			productRef = 96FAF82F2730B040008CF31F /* OktaSecureStorage */;
		};
/* End PBXTargetDependency section */

/* Begin PBXVariantGroup section */
		2FA4565021F2031C000ACBE2 /* Main.storyboard */ = {
			isa = PBXVariantGroup;
			children = (
				2FA4565121F2031C000ACBE2 /* Base */,
			);
			name = Main.storyboard;
			sourceTree = "<group>";
		};
		2FA4565521F2031D000ACBE2 /* LaunchScreen.storyboard */ = {
			isa = PBXVariantGroup;
			children = (
				2FA4565621F2031D000ACBE2 /* Base */,
			);
			name = LaunchScreen.storyboard;
			sourceTree = "<group>";
		};
/* End PBXVariantGroup section */

/* Begin XCBuildConfiguration section */
		2FA4565921F2031D000ACBE2 /* Debug */ = {
			isa = XCBuildConfiguration;
			buildSettings = {
				ALWAYS_SEARCH_USER_PATHS = NO;
				CLANG_ANALYZER_NONNULL = YES;
				CLANG_ANALYZER_NUMBER_OBJECT_CONVERSION = YES_AGGRESSIVE;
				CLANG_CXX_LANGUAGE_STANDARD = "gnu++14";
				CLANG_CXX_LIBRARY = "libc++";
				CLANG_ENABLE_MODULES = YES;
				CLANG_ENABLE_OBJC_ARC = YES;
				CLANG_ENABLE_OBJC_WEAK = YES;
				CLANG_WARN_BLOCK_CAPTURE_AUTORELEASING = YES;
				CLANG_WARN_BOOL_CONVERSION = YES;
				CLANG_WARN_COMMA = YES;
				CLANG_WARN_CONSTANT_CONVERSION = YES;
				CLANG_WARN_DEPRECATED_OBJC_IMPLEMENTATIONS = YES;
				CLANG_WARN_DIRECT_OBJC_ISA_USAGE = YES_ERROR;
				CLANG_WARN_DOCUMENTATION_COMMENTS = YES;
				CLANG_WARN_EMPTY_BODY = YES;
				CLANG_WARN_ENUM_CONVERSION = YES;
				CLANG_WARN_INFINITE_RECURSION = YES;
				CLANG_WARN_INT_CONVERSION = YES;
				CLANG_WARN_NON_LITERAL_NULL_CONVERSION = YES;
				CLANG_WARN_OBJC_IMPLICIT_RETAIN_SELF = YES;
				CLANG_WARN_OBJC_LITERAL_CONVERSION = YES;
				CLANG_WARN_OBJC_ROOT_CLASS = YES_ERROR;
				CLANG_WARN_RANGE_LOOP_ANALYSIS = YES;
				CLANG_WARN_STRICT_PROTOTYPES = YES;
				CLANG_WARN_SUSPICIOUS_MOVE = YES;
				CLANG_WARN_UNGUARDED_AVAILABILITY = YES_AGGRESSIVE;
				CLANG_WARN_UNREACHABLE_CODE = YES;
				CLANG_WARN__DUPLICATE_METHOD_MATCH = YES;
				CODE_SIGN_IDENTITY = "iPhone Developer";
				COPY_PHASE_STRIP = NO;
				DEBUG_INFORMATION_FORMAT = dwarf;
				ENABLE_STRICT_OBJC_MSGSEND = YES;
				ENABLE_TESTABILITY = YES;
				GCC_C_LANGUAGE_STANDARD = gnu11;
				GCC_DYNAMIC_NO_PIC = NO;
				GCC_NO_COMMON_BLOCKS = YES;
				GCC_OPTIMIZATION_LEVEL = 0;
				GCC_PREPROCESSOR_DEFINITIONS = (
					"DEBUG=1",
					"$(inherited)",
				);
				GCC_WARN_64_TO_32_BIT_CONVERSION = YES;
				GCC_WARN_ABOUT_RETURN_TYPE = YES_ERROR;
				GCC_WARN_UNDECLARED_SELECTOR = YES;
				GCC_WARN_UNINITIALIZED_AUTOS = YES_AGGRESSIVE;
				GCC_WARN_UNUSED_FUNCTION = YES;
				GCC_WARN_UNUSED_VARIABLE = YES;
				IPHONEOS_DEPLOYMENT_TARGET = 11.0;
				MTL_ENABLE_DEBUG_INFO = INCLUDE_SOURCE;
				MTL_FAST_MATH = YES;
				ONLY_ACTIVE_ARCH = YES;
				SDKROOT = iphoneos;
				SWIFT_ACTIVE_COMPILATION_CONDITIONS = DEBUG;
				SWIFT_OPTIMIZATION_LEVEL = "-Onone";
			};
			name = Debug;
		};
		2FA4565A21F2031D000ACBE2 /* Release */ = {
			isa = XCBuildConfiguration;
			buildSettings = {
				ALWAYS_SEARCH_USER_PATHS = NO;
				CLANG_ANALYZER_NONNULL = YES;
				CLANG_ANALYZER_NUMBER_OBJECT_CONVERSION = YES_AGGRESSIVE;
				CLANG_CXX_LANGUAGE_STANDARD = "gnu++14";
				CLANG_CXX_LIBRARY = "libc++";
				CLANG_ENABLE_MODULES = YES;
				CLANG_ENABLE_OBJC_ARC = YES;
				CLANG_ENABLE_OBJC_WEAK = YES;
				CLANG_WARN_BLOCK_CAPTURE_AUTORELEASING = YES;
				CLANG_WARN_BOOL_CONVERSION = YES;
				CLANG_WARN_COMMA = YES;
				CLANG_WARN_CONSTANT_CONVERSION = YES;
				CLANG_WARN_DEPRECATED_OBJC_IMPLEMENTATIONS = YES;
				CLANG_WARN_DIRECT_OBJC_ISA_USAGE = YES_ERROR;
				CLANG_WARN_DOCUMENTATION_COMMENTS = YES;
				CLANG_WARN_EMPTY_BODY = YES;
				CLANG_WARN_ENUM_CONVERSION = YES;
				CLANG_WARN_INFINITE_RECURSION = YES;
				CLANG_WARN_INT_CONVERSION = YES;
				CLANG_WARN_NON_LITERAL_NULL_CONVERSION = YES;
				CLANG_WARN_OBJC_IMPLICIT_RETAIN_SELF = YES;
				CLANG_WARN_OBJC_LITERAL_CONVERSION = YES;
				CLANG_WARN_OBJC_ROOT_CLASS = YES_ERROR;
				CLANG_WARN_RANGE_LOOP_ANALYSIS = YES;
				CLANG_WARN_STRICT_PROTOTYPES = YES;
				CLANG_WARN_SUSPICIOUS_MOVE = YES;
				CLANG_WARN_UNGUARDED_AVAILABILITY = YES_AGGRESSIVE;
				CLANG_WARN_UNREACHABLE_CODE = YES;
				CLANG_WARN__DUPLICATE_METHOD_MATCH = YES;
				CODE_SIGN_IDENTITY = "iPhone Developer";
				COPY_PHASE_STRIP = NO;
				DEBUG_INFORMATION_FORMAT = "dwarf-with-dsym";
				ENABLE_NS_ASSERTIONS = NO;
				ENABLE_STRICT_OBJC_MSGSEND = YES;
				GCC_C_LANGUAGE_STANDARD = gnu11;
				GCC_NO_COMMON_BLOCKS = YES;
				GCC_WARN_64_TO_32_BIT_CONVERSION = YES;
				GCC_WARN_ABOUT_RETURN_TYPE = YES_ERROR;
				GCC_WARN_UNDECLARED_SELECTOR = YES;
				GCC_WARN_UNINITIALIZED_AUTOS = YES_AGGRESSIVE;
				GCC_WARN_UNUSED_FUNCTION = YES;
				GCC_WARN_UNUSED_VARIABLE = YES;
				IPHONEOS_DEPLOYMENT_TARGET = 11.0;
				MTL_ENABLE_DEBUG_INFO = NO;
				MTL_FAST_MATH = YES;
				SDKROOT = iphoneos;
				SWIFT_COMPILATION_MODE = wholemodule;
				SWIFT_OPTIMIZATION_LEVEL = "-O";
				VALIDATE_PRODUCT = YES;
			};
			name = Release;
		};
		2FA4565C21F2031D000ACBE2 /* Debug */ = {
			isa = XCBuildConfiguration;
			buildSettings = {
				ASSETCATALOG_COMPILER_APPICON_NAME = AppIcon;
				CODE_SIGN_STYLE = Automatic;
				INFOPLIST_FILE = OktaBrowserSignIn/Info.plist;
				IPHONEOS_DEPLOYMENT_TARGET = 11.0;
				LD_RUNPATH_SEARCH_PATHS = (
					"$(inherited)",
					"@executable_path/Frameworks",
				);
				PRODUCT_BUNDLE_IDENTIFIER = com.okta.OktaBrowserSignIn;
				PRODUCT_NAME = "$(TARGET_NAME)";
				SWIFT_VERSION = 4.2;
				TARGETED_DEVICE_FAMILY = "1,2";
			};
			name = Debug;
		};
		2FA4565D21F2031D000ACBE2 /* Release */ = {
			isa = XCBuildConfiguration;
			buildSettings = {
				ASSETCATALOG_COMPILER_APPICON_NAME = AppIcon;
				CODE_SIGN_STYLE = Automatic;
				INFOPLIST_FILE = OktaBrowserSignIn/Info.plist;
				IPHONEOS_DEPLOYMENT_TARGET = 11.0;
				LD_RUNPATH_SEARCH_PATHS = (
					"$(inherited)",
					"@executable_path/Frameworks",
				);
				PRODUCT_BUNDLE_IDENTIFIER = com.okta.OktaBrowserSignIn;
				PRODUCT_NAME = "$(TARGET_NAME)";
				SWIFT_VERSION = 4.2;
				TARGETED_DEVICE_FAMILY = "1,2";
			};
			name = Release;
		};
/* End XCBuildConfiguration section */

/* Begin XCConfigurationList section */
		2FA4564221F2031C000ACBE2 /* Build configuration list for PBXProject "OktaSignInAndStorage" */ = {
			isa = XCConfigurationList;
			buildConfigurations = (
				2FA4565921F2031D000ACBE2 /* Debug */,
				2FA4565A21F2031D000ACBE2 /* Release */,
			);
			defaultConfigurationIsVisible = 0;
			defaultConfigurationName = Release;
		};
		2FA4565B21F2031D000ACBE2 /* Build configuration list for PBXNativeTarget "OktaBrowserSignIn" */ = {
			isa = XCConfigurationList;
			buildConfigurations = (
				2FA4565C21F2031D000ACBE2 /* Debug */,
				2FA4565D21F2031D000ACBE2 /* Release */,
			);
			defaultConfigurationIsVisible = 0;
			defaultConfigurationName = Release;
		};
/* End XCConfigurationList section */

/* Begin XCRemoteSwiftPackageReference section */
		96FAF82727308E27008CF31F /* XCRemoteSwiftPackageReference "okta-oidc-ios" */ = {
			isa = XCRemoteSwiftPackageReference;
			repositoryURL = "https://github.com/okta/okta-oidc-ios";
			requirement = {
				branch = master;
				kind = branch;
			};
		};
		96FAF82A27308E65008CF31F /* XCRemoteSwiftPackageReference "okta-storage-swift" */ = {
			isa = XCRemoteSwiftPackageReference;
			repositoryURL = "https://github.com/okta/okta-storage-swift";
			requirement = {
				branch = master;
				kind = branch;
			};
		};
/* End XCRemoteSwiftPackageReference section */

/* Begin XCSwiftPackageProductDependency section */
		96FAF82827308E27008CF31F /* OktaOidc */ = {
			isa = XCSwiftPackageProductDependency;
			package = 96FAF82727308E27008CF31F /* XCRemoteSwiftPackageReference "okta-oidc-ios" */;
			productName = OktaOidc;
		};
		96FAF82B27308E65008CF31F /* OktaSecureStorage */ = {
			isa = XCSwiftPackageProductDependency;
			package = 96FAF82A27308E65008CF31F /* XCRemoteSwiftPackageReference "okta-storage-swift" */;
			productName = OktaSecureStorage;
		};
		96FAF82D2730B040008CF31F /* OktaOidc */ = {
			isa = XCSwiftPackageProductDependency;
			package = 96FAF82727308E27008CF31F /* XCRemoteSwiftPackageReference "okta-oidc-ios" */;
			productName = OktaOidc;
		};
		96FAF82F2730B040008CF31F /* OktaSecureStorage */ = {
			isa = XCSwiftPackageProductDependency;
			package = 96FAF82A27308E65008CF31F /* XCRemoteSwiftPackageReference "okta-storage-swift" */;
			productName = OktaSecureStorage;
		};
/* End XCSwiftPackageProductDependency section */
	};
	rootObject = 2FA4563F21F2031C000ACBE2 /* Project object */;
}
