{
  "pins" : [
    {
      "identity" : "okta-mobile-swift",
      "kind" : "remoteSourceControl",
      "location" : "https://github.com/okta/okta-mobile-swift.git",
      "state" : {
        "branch" : "master",
        "revision" : "24e5bd84628082d5028de9d4b60b681d2fcdf5a5"
      }
    }
  ],
  "version" : 2
}
