{
  "pins" : [
    {
      "identity" : "okta-mobile-swift",
      "kind" : "remoteSourceControl",
      "location" : "https://github.com/okta/okta-mobile-swift.git",
      "state" : {
        "revision" : "567e22bbe0e105324bb50365bc5e64782b729f83",
        "version" : "1.0.0"
      }
    }
  ],
  "version" : 2
}
