// !$*UTF8*$!
{
	archiveVersion = 1;
	classes = {
	};
	objectVersion = 50;
	objects = {

/* Begin PBXBuildFile section */
		A189554724C76D6C00105CF2 /* AppDelegate.swift in Sources */ = {isa = PBXBuildFile; fileRef = A189554624C76D6C00105CF2 /* AppDelegate.swift */; };
		A189554924C76D6C00105CF2 /* SceneDelegate.swift in Sources */ = {isa = PBXBuildFile; fileRef = A189554824C76D6C00105CF2 /* SceneDelegate.swift */; };
		A189554B24C76D6C00105CF2 /* ViewController.swift in Sources */ = {isa = PBXBuildFile; fileRef = A189554A24C76D6C00105CF2 /* ViewController.swift */; };
		A189554E24C76D6C00105CF2 /* Main.storyboard in Resources */ = {isa = PBXBuildFile; fileRef = A189554C24C76D6C00105CF2 /* Main.storyboard */; };
		A189555024C76D7900105CF2 /* Assets.xcassets in Resources */ = {isa = PBXBuildFile; fileRef = A189554F24C76D7900105CF2 /* Assets.xcassets */; };
		A189555324C76D7900105CF2 /* LaunchScreen.storyboard in Resources */ = {isa = PBXBuildFile; fileRef = A189555124C76D7900105CF2 /* LaunchScreen.storyboard */; };
		A189555C24C76EED00105CF2 /* OktaAuthNative.framework in Frameworks */ = {isa = PBXBuildFile; fileRef = A189555B24C76EED00105CF2 /* OktaAuthNative.framework */; };
		A189555E24C7726600105CF2 /* OktaOidc.framework in Frameworks */ = {isa = PBXBuildFile; fileRef = A189555D24C7726600105CF2 /* OktaOidc.framework */; };
/* End PBXBuildFile section */

/* Begin PBXFileReference section */
		A189554324C76D6C00105CF2 /* CarthageTest.app */ = {isa = PBXFileReference; explicitFileType = wrapper.application; includeInIndex = 0; path = CarthageTest.app; sourceTree = BUILT_PRODUCTS_DIR; };
		A189554624C76D6C00105CF2 /* AppDelegate.swift */ = {isa = PBXFileReference; lastKnownFileType = sourcecode.swift; path = AppDelegate.swift; sourceTree = "<group>"; };
		A189554824C76D6C00105CF2 /* SceneDelegate.swift */ = {isa = PBXFileReference; lastKnownFileType = sourcecode.swift; path = SceneDelegate.swift; sourceTree = "<group>"; };
		A189554A24C76D6C00105CF2 /* ViewController.swift */ = {isa = PBXFileReference; lastKnownFileType = sourcecode.swift; path = ViewController.swift; sourceTree = "<group>"; };
		A189554D24C76D6C00105CF2 /* Base */ = {isa = PBXFileReference; lastKnownFileType = file.storyboard; name = Base; path = Base.lproj/Main.storyboard; sourceTree = "<group>"; };
		A189554F24C76D7900105CF2 /* Assets.xcassets */ = {isa = PBXFileReference; lastKnownFileType = folder.assetcatalog; path = Assets.xcassets; sourceTree = "<group>"; };
		A189555224C76D7900105CF2 /* Base */ = {isa = PBXFileReference; lastKnownFileType = file.storyboard; name = Base; path = Base.lproj/LaunchScreen.storyboard; sourceTree = "<group>"; };
		A189555424C76D7900105CF2 /* Info.plist */ = {isa = PBXFileReference; lastKnownFileType = text.plist.xml; path = Info.plist; sourceTree = "<group>"; };
		A189555B24C76EED00105CF2 /* OktaAuthNative.framework */ = {isa = PBXFileReference; lastKnownFileType = wrapper.framework; name = OktaAuthNative.framework; path = Carthage/Build/iOS/OktaAuthNative.framework; sourceTree = "<group>"; };
		A189555D24C7726600105CF2 /* OktaOidc.framework */ = {isa = PBXFileReference; lastKnownFileType = wrapper.framework; name = OktaOidc.framework; path = Carthage/Build/iOS/OktaOidc.framework; sourceTree = "<group>"; };
/* End PBXFileReference section */

/* Begin PBXFrameworksBuildPhase section */
		A189554024C76D6C00105CF2 /* Frameworks */ = {
			isa = PBXFrameworksBuildPhase;
			buildActionMask = 2147483647;
			files = (
				A189555E24C7726600105CF2 /* OktaOidc.framework in Frameworks */,
				A189555C24C76EED00105CF2 /* OktaAuthNative.framework in Frameworks */,
			);
			runOnlyForDeploymentPostprocessing = 0;
		};
/* End PBXFrameworksBuildPhase section */

/* Begin PBXGroup section */
		A189553A24C76D6B00105CF2 = {
			isa = PBXGroup;
			children = (
				A189554524C76D6C00105CF2 /* CarthageTest */,
				A189554424C76D6C00105CF2 /* Products */,
				A189555A24C76EEC00105CF2 /* Frameworks */,
			);
			sourceTree = "<group>";
		};
		A189554424C76D6C00105CF2 /* Products */ = {
			isa = PBXGroup;
			children = (
				A189554324C76D6C00105CF2 /* CarthageTest.app */,
			);
			name = Products;
			sourceTree = "<group>";
		};
		A189554524C76D6C00105CF2 /* CarthageTest */ = {
			isa = PBXGroup;
			children = (
				A189554624C76D6C00105CF2 /* AppDelegate.swift */,
				A189554824C76D6C00105CF2 /* SceneDelegate.swift */,
				A189554A24C76D6C00105CF2 /* ViewController.swift */,
				A189554C24C76D6C00105CF2 /* Main.storyboard */,
				A189554F24C76D7900105CF2 /* Assets.xcassets */,
				A189555124C76D7900105CF2 /* LaunchScreen.storyboard */,
				A189555424C76D7900105CF2 /* Info.plist */,
			);
			path = CarthageTest;
			sourceTree = "<group>";
		};
		A189555A24C76EEC00105CF2 /* Frameworks */ = {
			isa = PBXGroup;
			children = (
				A189555D24C7726600105CF2 /* OktaOidc.framework */,
				A189555B24C76EED00105CF2 /* OktaAuthNative.framework */,
			);
			name = Frameworks;
			sourceTree = "<group>";
		};
/* End PBXGroup section */

/* Begin PBXNativeTarget section */
		A189554224C76D6C00105CF2 /* CarthageTest */ = {
			isa = PBXNativeTarget;
			buildConfigurationList = A189555724C76D7900105CF2 /* Build configuration list for PBXNativeTarget "CarthageTest" */;
			buildPhases = (
				A189553F24C76D6C00105CF2 /* Sources */,
				A189554024C76D6C00105CF2 /* Frameworks */,
				A189554124C76D6C00105CF2 /* Resources */,
			);
			buildRules = (
			);
			dependencies = (
			);
			name = CarthageTest;
			productName = CarthageTest;
			productReference = A189554324C76D6C00105CF2 /* CarthageTest.app */;
			productType = "com.apple.product-type.application";
		};
/* End PBXNativeTarget section */

/* Begin PBXProject section */
		A189553B24C76D6B00105CF2 /* Project object */ = {
			isa = PBXProject;
			attributes = {
				LastSwiftUpdateCheck = 1160;
				LastUpgradeCheck = 1160;
				ORGANIZATIONNAME = Okta;
				TargetAttributes = {
					A189554224C76D6C00105CF2 = {
						CreatedOnToolsVersion = 11.6;
					};
				};
			};
			buildConfigurationList = A189553E24C76D6B00105CF2 /* Build configuration list for PBXProject "CarthageTest" */;
			compatibilityVersion = "Xcode 9.3";
			developmentRegion = en;
			hasScannedForEncodings = 0;
			knownRegions = (
				en,
				Base,
			);
			mainGroup = A189553A24C76D6B00105CF2;
			productRefGroup = A189554424C76D6C00105CF2 /* Products */;
			projectDirPath = "";
			projectRoot = "";
			targets = (
				A189554224C76D6C00105CF2 /* CarthageTest */,
			);
		};
/* End PBXProject section */

/* Begin PBXResourcesBuildPhase section */
		A189554124C76D6C00105CF2 /* Resources */ = {
			isa = PBXResourcesBuildPhase;
			buildActionMask = 2147483647;
			files = (
				A189555324C76D7900105CF2 /* LaunchScreen.storyboard in Resources */,
				A189555024C76D7900105CF2 /* Assets.xcassets in Resources */,
				A189554E24C76D6C00105CF2 /* Main.storyboard in Resources */,
			);
			runOnlyForDeploymentPostprocessing = 0;
		};
/* End PBXResourcesBuildPhase section */

/* Begin PBXSourcesBuildPhase section */
		A189553F24C76D6C00105CF2 /* Sources */ = {
			isa = PBXSourcesBuildPhase;
			buildActionMask = 2147483647;
			files = (
				A189554B24C76D6C00105CF2 /* ViewController.swift in Sources */,
				A189554724C76D6C00105CF2 /* AppDelegate.swift in Sources */,
				A189554924C76D6C00105CF2 /* SceneDelegate.swift in Sources */,
			);
			runOnlyForDeploymentPostprocessing = 0;
		};
/* End PBXSourcesBuildPhase section */

/* Begin PBXVariantGroup section */
		A189554C24C76D6C00105CF2 /* Main.storyboard */ = {
			isa = PBXVariantGroup;
			children = (
				A189554D24C76D6C00105CF2 /* Base */,
			);
			name = Main.storyboard;
			sourceTree = "<group>";
		};
		A189555124C76D7900105CF2 /* LaunchScreen.storyboard */ = {
			isa = PBXVariantGroup;
			children = (
				A189555224C76D7900105CF2 /* Base */,
			);
			name = LaunchScreen.storyboard;
			sourceTree = "<group>";
		};
/* End PBXVariantGroup section */

/* Begin XCBuildConfiguration section */
		A189555524C76D7900105CF2 /* Debug */ = {
			isa = XCBuildConfiguration;
			buildSettings = {
				ALWAYS_SEARCH_USER_PATHS = NO;
				CLANG_ANALYZER_NONNULL = YES;
				CLANG_ANALYZER_NUMBER_OBJECT_CONVERSION = YES_AGGRESSIVE;
				CLANG_CXX_LANGUAGE_STANDARD = "gnu++14";
				CLANG_CXX_LIBRARY = "libc++";
				CLANG_ENABLE_MODULES = YES;
				CLANG_ENABLE_OBJC_ARC = YES;
				CLANG_ENABLE_OBJC_WEAK = YES;
				CLANG_WARN_BLOCK_CAPTURE_AUTORELEASING = YES;
				CLANG_WARN_BOOL_CONVERSION = YES;
				CLANG_WARN_COMMA = YES;
				CLANG_WARN_CONSTANT_CONVERSION = YES;
				CLANG_WARN_DEPRECATED_OBJC_IMPLEMENTATIONS = YES;
				CLANG_WARN_DIRECT_OBJC_ISA_USAGE = YES_ERROR;
				CLANG_WARN_DOCUMENTATION_COMMENTS = YES;
				CLANG_WARN_EMPTY_BODY = YES;
				CLANG_WARN_ENUM_CONVERSION = YES;
				CLANG_WARN_INFINITE_RECURSION = YES;
				CLANG_WARN_INT_CONVERSION = YES;
				CLANG_WARN_NON_LITERAL_NULL_CONVERSION = YES;
				CLANG_WARN_OBJC_IMPLICIT_RETAIN_SELF = YES;
				CLANG_WARN_OBJC_LITERAL_CONVERSION = YES;
				CLANG_WARN_OBJC_ROOT_CLASS = YES_ERROR;
				CLANG_WARN_RANGE_LOOP_ANALYSIS = YES;
				CLANG_WARN_STRICT_PROTOTYPES = YES;
				CLANG_WARN_SUSPICIOUS_MOVE = YES;
				CLANG_WARN_UNGUARDED_AVAILABILITY = YES_AGGRESSIVE;
				CLANG_WARN_UNREACHABLE_CODE = YES;
				CLANG_WARN__DUPLICATE_METHOD_MATCH = YES;
				COPY_PHASE_STRIP = NO;
				DEBUG_INFORMATION_FORMAT = dwarf;
				ENABLE_STRICT_OBJC_MSGSEND = YES;
				ENABLE_TESTABILITY = YES;
				GCC_C_LANGUAGE_STANDARD = gnu11;
				GCC_DYNAMIC_NO_PIC = NO;
				GCC_NO_COMMON_BLOCKS = YES;
				GCC_OPTIMIZATION_LEVEL = 0;
				GCC_PREPROCESSOR_DEFINITIONS = (
					"DEBUG=1",
					"$(inherited)",
				);
				GCC_WARN_64_TO_32_BIT_CONVERSION = YES;
				GCC_WARN_ABOUT_RETURN_TYPE = YES_ERROR;
				GCC_WARN_UNDECLARED_SELECTOR = YES;
				GCC_WARN_UNINITIALIZED_AUTOS = YES_AGGRESSIVE;
				GCC_WARN_UNUSED_FUNCTION = YES;
				GCC_WARN_UNUSED_VARIABLE = YES;
				IPHONEOS_DEPLOYMENT_TARGET = 13.6;
				MTL_ENABLE_DEBUG_INFO = INCLUDE_SOURCE;
				MTL_FAST_MATH = YES;
				ONLY_ACTIVE_ARCH = YES;
				SDKROOT = iphoneos;
				SWIFT_ACTIVE_COMPILATION_CONDITIONS = DEBUG;
				SWIFT_OPTIMIZATION_LEVEL = "-Onone";
			};
			name = Debug;
		};
		A189555624C76D7900105CF2 /* Release */ = {
			isa = XCBuildConfiguration;
			buildSettings = {
				ALWAYS_SEARCH_USER_PATHS = NO;
				CLANG_ANALYZER_NONNULL = YES;
				CLANG_ANALYZER_NUMBER_OBJECT_CONVERSION = YES_AGGRESSIVE;
				CLANG_CXX_LANGUAGE_STANDARD = "gnu++14";
				CLANG_CXX_LIBRARY = "libc++";
				CLANG_ENABLE_MODULES = YES;
				CLANG_ENABLE_OBJC_ARC = YES;
				CLANG_ENABLE_OBJC_WEAK = YES;
				CLANG_WARN_BLOCK_CAPTURE_AUTORELEASING = YES;
				CLANG_WARN_BOOL_CONVERSION = YES;
				CLANG_WARN_COMMA = YES;
				CLANG_WARN_CONSTANT_CONVERSION = YES;
				CLANG_WARN_DEPRECATED_OBJC_IMPLEMENTATIONS = YES;
				CLANG_WARN_DIRECT_OBJC_ISA_USAGE = YES_ERROR;
				CLANG_WARN_DOCUMENTATION_COMMENTS = YES;
				CLANG_WARN_EMPTY_BODY = YES;
				CLANG_WARN_ENUM_CONVERSION = YES;
				CLANG_WARN_INFINITE_RECURSION = YES;
				CLANG_WARN_INT_CONVERSION = YES;
				CLANG_WARN_NON_LITERAL_NULL_CONVERSION = YES;
				CLANG_WARN_OBJC_IMPLICIT_RETAIN_SELF = YES;
				CLANG_WARN_OBJC_LITERAL_CONVERSION = YES;
				CLANG_WARN_OBJC_ROOT_CLASS = YES_ERROR;
				CLANG_WARN_RANGE_LOOP_ANALYSIS = YES;
				CLANG_WARN_STRICT_PROTOTYPES = YES;
				CLANG_WARN_SUSPICIOUS_MOVE = YES;
				CLANG_WARN_UNGUARDED_AVAILABILITY = YES_AGGRESSIVE;
				CLANG_WARN_UNREACHABLE_CODE = YES;
				CLANG_WARN__DUPLICATE_METHOD_MATCH = YES;
				COPY_PHASE_STRIP = NO;
				DEBUG_INFORMATION_FORMAT = "dwarf-with-dsym";
				ENABLE_NS_ASSERTIONS = NO;
				ENABLE_STRICT_OBJC_MSGSEND = YES;
				GCC_C_LANGUAGE_STANDARD = gnu11;
				GCC_NO_COMMON_BLOCKS = YES;
				GCC_WARN_64_TO_32_BIT_CONVERSION = YES;
				GCC_WARN_ABOUT_RETURN_TYPE = YES_ERROR;
				GCC_WARN_UNDECLARED_SELECTOR = YES;
				GCC_WARN_UNINITIALIZED_AUTOS = YES_AGGRESSIVE;
				GCC_WARN_UNUSED_FUNCTION = YES;
				GCC_WARN_UNUSED_VARIABLE = YES;
				IPHONEOS_DEPLOYMENT_TARGET = 13.6;
				MTL_ENABLE_DEBUG_INFO = NO;
				MTL_FAST_MATH = YES;
				SDKROOT = iphoneos;
				SWIFT_COMPILATION_MODE = wholemodule;
				SWIFT_OPTIMIZATION_LEVEL = "-O";
				VALIDATE_PRODUCT = YES;
			};
			name = Release;
		};
		A189555824C76D7900105CF2 /* Debug */ = {
			isa = XCBuildConfiguration;
			buildSettings = {
				ASSETCATALOG_COMPILER_APPICON_NAME = AppIcon;
				CODE_SIGN_STYLE = Automatic;
				FRAMEWORK_SEARCH_PATHS = (
					"$(inherited)",
					"$(PROJECT_DIR)/Carthage/Build/iOS",
				);
				INFOPLIST_FILE = CarthageTest/Info.plist;
				LD_RUNPATH_SEARCH_PATHS = (
					"$(inherited)",
					"@executable_path/Frameworks",
				);
				PRODUCT_BUNDLE_IDENTIFIER = com.okta.CarthageTest;
				PRODUCT_NAME = "$(TARGET_NAME)";
				SWIFT_VERSION = 5.0;
				TARGETED_DEVICE_FAMILY = "1,2";
			};
			name = Debug;
		};
		A189555924C76D7900105CF2 /* Release */ = {
			isa = XCBuildConfiguration;
			buildSettings = {
				ASSETCATALOG_COMPILER_APPICON_NAME = AppIcon;
				CODE_SIGN_STYLE = Automatic;
				FRAMEWORK_SEARCH_PATHS = (
					"$(inherited)",
					"$(PROJECT_DIR)/Carthage/Build/iOS",
				);
				INFOPLIST_FILE = CarthageTest/Info.plist;
				LD_RUNPATH_SEARCH_PATHS = (
					"$(inherited)",
					"@executable_path/Frameworks",
				);
				PRODUCT_BUNDLE_IDENTIFIER = com.okta.CarthageTest;
				PRODUCT_NAME = "$(TARGET_NAME)";
				SWIFT_VERSION = 5.0;
				TARGETED_DEVICE_FAMILY = "1,2";
			};
			name = Release;
		};
/* End XCBuildConfiguration section */

/* Begin XCConfigurationList section */
		A189553E24C76D6B00105CF2 /* Build configuration list for PBXProject "CarthageTest" */ = {
			isa = XCConfigurationList;
			buildConfigurations = (
				A189555524C76D7900105CF2 /* Debug */,
				A189555624C76D7900105CF2 /* Release */,
			);
			defaultConfigurationIsVisible = 0;
			defaultConfigurationName = Release;
		};
		A189555724C76D7900105CF2 /* Build configuration list for PBXNativeTarget "CarthageTest" */ = {
			isa = XCConfigurationList;
			buildConfigurations = (
				A189555824C76D7900105CF2 /* Debug */,
				A189555924C76D7900105CF2 /* Release */,
			);
			defaultConfigurationIsVisible = 0;
			defaultConfigurationName = Release;
		};
/* End XCConfigurationList section */
	};
	rootObject = A189553B24C76D6B00105CF2 /* Project object */;
}
