// !$*UTF8*$!
{
	archiveVersion = 1;
	classes = {
	};
	objectVersion = 50;
	objects = {

/* Begin PBXBuildFile section */
		2F74358B2204789300B47967 /* MFA.storyboard in Resources */ = {isa = PBXBuildFile; fileRef = 2F74358A2204789300B47967 /* MFA.storyboard */; };
		2F74358D220478B000B47967 /* MFAViewController.swift in Sources */ = {isa = PBXBuildFile; fileRef = 2F74358C220478B000B47967 /* MFAViewController.swift */; };
		2F74358F220486A800B47967 /* MFAPush.storyboard in Resources */ = {isa = PBXBuildFile; fileRef = 2F74358E220486A800B47967 /* MFAPush.storyboard */; };
		2F743591220486E000B47967 /* MFAPushViewController.swift in Sources */ = {isa = PBXBuildFile; fileRef = 2F743590220486E000B47967 /* MFAPushViewController.swift */; };
		2F9B84A921EFA30C003E6F17 /* NativeSignInViewController.swift in Sources */ = {isa = PBXBuildFile; fileRef = 2F9B84A821EFA30C003E6F17 /* NativeSignInViewController.swift */; };
		2FA4563D21F0BB0B000ACBE2 /* UserProfileViewController.swift in Sources */ = {isa = PBXBuildFile; fileRef = 2FA4563C21F0BB0B000ACBE2 /* UserProfileViewController.swift */; };
		2FA4566321F740D0000ACBE2 /* PasswordResetViewController.swift in Sources */ = {isa = PBXBuildFile; fileRef = 2FA4566221F740D0000ACBE2 /* PasswordResetViewController.swift */; };
		2FA643232243CA810008DC97 /* PasswordReset.storyboard in Resources */ = {isa = PBXBuildFile; fileRef = 2FA643212243CA810008DC97 /* PasswordReset.storyboard */; };
		2FC37CDD21FEF5B5008DB806 /* LoginForm.storyboard in Resources */ = {isa = PBXBuildFile; fileRef = 2FC37CDF21FEF5B5008DB806 /* LoginForm.storyboard */; };
		2FC37CE021FEF5B9008DB806 /* UserProfile.storyboard in Resources */ = {isa = PBXBuildFile; fileRef = 2FC37CE221FEF5B9008DB806 /* UserProfile.storyboard */; };
		2FFF34192215DF640098AB63 /* MFASMSViewController.swift in Sources */ = {isa = PBXBuildFile; fileRef = 2FFF34182215DF630098AB63 /* MFASMSViewController.swift */; };
		2FFF341B2215DF7C0098AB63 /* MFASMS.storyboard in Resources */ = {isa = PBXBuildFile; fileRef = 2FFF341A2215DF7C0098AB63 /* MFASMS.storyboard */; };
		2FFF34212216CC020098AB63 /* MFATOTPViewController.swift in Sources */ = {isa = PBXBuildFile; fileRef = 2FFF34202216CC020098AB63 /* MFATOTPViewController.swift */; };
		2FFF34232216CC170098AB63 /* MFATOTP.storyboard in Resources */ = {isa = PBXBuildFile; fileRef = 2FFF34222216CC170098AB63 /* MFATOTP.storyboard */; };
		2FFF342C221EF0E30098AB63 /* MFASecurityQuestion.storyboard in Resources */ = {isa = PBXBuildFile; fileRef = 2FFF342A221EF0E30098AB63 /* MFASecurityQuestion.storyboard */; };
		2FFF342D221EF0E30098AB63 /* MFASecurityQuestionViewController.swift in Sources */ = {isa = PBXBuildFile; fileRef = 2FFF342B221EF0E30098AB63 /* MFASecurityQuestionViewController.swift */; };
		F57B5EDC21ECCD0700895A26 /* Okta.plist in Resources */ = {isa = PBXBuildFile; fileRef = F57B5ED821ECCD0700895A26 /* Okta.plist */; };
		FAE1549921E5FB2C00B89097 /* AppDelegate.swift in Sources */ = {isa = PBXBuildFile; fileRef = FAE1549821E5FB2C00B89097 /* AppDelegate.swift */; };
		FAE1549B21E5FB2C00B89097 /* LoginFormViewController.swift in Sources */ = {isa = PBXBuildFile; fileRef = FAE1549A21E5FB2C00B89097 /* LoginFormViewController.swift */; };
		FAE1549E21E5FB2C00B89097 /* Main.storyboard in Resources */ = {isa = PBXBuildFile; fileRef = FAE1549C21E5FB2C00B89097 /* Main.storyboard */; };
		FAE154A021E5FB2D00B89097 /* Assets.xcassets in Resources */ = {isa = PBXBuildFile; fileRef = FAE1549F21E5FB2D00B89097 /* Assets.xcassets */; };
		FAE154A321E5FB2D00B89097 /* LaunchScreen.storyboard in Resources */ = {isa = PBXBuildFile; fileRef = FAE154A121E5FB2D00B89097 /* LaunchScreen.storyboard */; };
/* End PBXBuildFile section */

/* Begin PBXFileReference section */
		2F74358A2204789300B47967 /* MFA.storyboard */ = {isa = PBXFileReference; fileEncoding = 4; lastKnownFileType = file.storyboard; path = MFA.storyboard; sourceTree = "<group>"; };
		2F74358C220478B000B47967 /* MFAViewController.swift */ = {isa = PBXFileReference; lastKnownFileType = sourcecode.swift; path = MFAViewController.swift; sourceTree = "<group>"; };
		2F74358E220486A800B47967 /* MFAPush.storyboard */ = {isa = PBXFileReference; lastKnownFileType = file.storyboard; path = MFAPush.storyboard; sourceTree = "<group>"; };
		2F743590220486E000B47967 /* MFAPushViewController.swift */ = {isa = PBXFileReference; lastKnownFileType = sourcecode.swift; path = MFAPushViewController.swift; sourceTree = "<group>"; };
		2F9B84A821EFA30C003E6F17 /* NativeSignInViewController.swift */ = {isa = PBXFileReference; lastKnownFileType = sourcecode.swift; path = NativeSignInViewController.swift; sourceTree = "<group>"; };
		2FA4563C21F0BB0B000ACBE2 /* UserProfileViewController.swift */ = {isa = PBXFileReference; lastKnownFileType = sourcecode.swift; path = UserProfileViewController.swift; sourceTree = "<group>"; };
		2FA4566221F740D0000ACBE2 /* PasswordResetViewController.swift */ = {isa = PBXFileReference; lastKnownFileType = sourcecode.swift; path = PasswordResetViewController.swift; sourceTree = "<group>"; };
		2FA643222243CA810008DC97 /* Base */ = {isa = PBXFileReference; lastKnownFileType = file.storyboard; name = Base; path = Base.lproj/PasswordReset.storyboard; sourceTree = "<group>"; };
		2FC37CDE21FEF5B5008DB806 /* Base */ = {isa = PBXFileReference; lastKnownFileType = file.storyboard; name = Base; path = Base.lproj/LoginForm.storyboard; sourceTree = "<group>"; };
		2FC37CE121FEF5B9008DB806 /* Base */ = {isa = PBXFileReference; lastKnownFileType = file.storyboard; name = Base; path = Base.lproj/UserProfile.storyboard; sourceTree = "<group>"; };
		2FFF34182215DF630098AB63 /* MFASMSViewController.swift */ = {isa = PBXFileReference; lastKnownFileType = sourcecode.swift; path = MFASMSViewController.swift; sourceTree = "<group>"; };
		2FFF341A2215DF7C0098AB63 /* MFASMS.storyboard */ = {isa = PBXFileReference; lastKnownFileType = file.storyboard; path = MFASMS.storyboard; sourceTree = "<group>"; };
		2FFF34202216CC020098AB63 /* MFATOTPViewController.swift */ = {isa = PBXFileReference; lastKnownFileType = sourcecode.swift; path = MFATOTPViewController.swift; sourceTree = "<group>"; };
		2FFF34222216CC170098AB63 /* MFATOTP.storyboard */ = {isa = PBXFileReference; lastKnownFileType = file.storyboard; path = MFATOTP.storyboard; sourceTree = "<group>"; };
		2FFF342A221EF0E30098AB63 /* MFASecurityQuestion.storyboard */ = {isa = PBXFileReference; fileEncoding = 4; lastKnownFileType = file.storyboard; path = MFASecurityQuestion.storyboard; sourceTree = "<group>"; };
		2FFF342B221EF0E30098AB63 /* MFASecurityQuestionViewController.swift */ = {isa = PBXFileReference; fileEncoding = 4; lastKnownFileType = sourcecode.swift; path = MFASecurityQuestionViewController.swift; sourceTree = "<group>"; };
		F57B5ED821ECCD0700895A26 /* Okta.plist */ = {isa = PBXFileReference; fileEncoding = 4; lastKnownFileType = text.plist.xml; path = Okta.plist; sourceTree = "<group>"; };
		FAE1549521E5FB2C00B89097 /* OktaNativeLogin.app */ = {isa = PBXFileReference; explicitFileType = wrapper.application; includeInIndex = 0; path = OktaNativeLogin.app; sourceTree = BUILT_PRODUCTS_DIR; };
		FAE1549821E5FB2C00B89097 /* AppDelegate.swift */ = {isa = PBXFileReference; lastKnownFileType = sourcecode.swift; path = AppDelegate.swift; sourceTree = "<group>"; };
		FAE1549A21E5FB2C00B89097 /* LoginFormViewController.swift */ = {isa = PBXFileReference; lastKnownFileType = sourcecode.swift; path = LoginFormViewController.swift; sourceTree = "<group>"; };
		FAE1549D21E5FB2C00B89097 /* Base */ = {isa = PBXFileReference; lastKnownFileType = file.storyboard; name = Base; path = Base.lproj/Main.storyboard; sourceTree = "<group>"; };
		FAE1549F21E5FB2D00B89097 /* Assets.xcassets */ = {isa = PBXFileReference; lastKnownFileType = folder.assetcatalog; path = Assets.xcassets; sourceTree = "<group>"; };
		FAE154A221E5FB2D00B89097 /* Base */ = {isa = PBXFileReference; lastKnownFileType = file.storyboard; name = Base; path = Base.lproj/LaunchScreen.storyboard; sourceTree = "<group>"; };
		FAE154A421E5FB2D00B89097 /* Info.plist */ = {isa = PBXFileReference; lastKnownFileType = text.plist.xml; path = Info.plist; sourceTree = "<group>"; };
/* End PBXFileReference section */

/* Begin PBXFrameworksBuildPhase section */
		FAE1549221E5FB2C00B89097 /* Frameworks */ = {
			isa = PBXFrameworksBuildPhase;
			buildActionMask = 2147483647;
			files = (
			);
			runOnlyForDeploymentPostprocessing = 0;
		};
/* End PBXFrameworksBuildPhase section */

/* Begin PBXGroup section */
		2F7435892204789300B47967 /* MFA */ = {
			isa = PBXGroup;
			children = (
				2F74358C220478B000B47967 /* MFAViewController.swift */,
				2F74358A2204789300B47967 /* MFA.storyboard */,
				2F743590220486E000B47967 /* MFAPushViewController.swift */,
				2F74358E220486A800B47967 /* MFAPush.storyboard */,
				2FFF34182215DF630098AB63 /* MFASMSViewController.swift */,
				2FFF341A2215DF7C0098AB63 /* MFASMS.storyboard */,
				2FFF34202216CC020098AB63 /* MFATOTPViewController.swift */,
				2FFF34222216CC170098AB63 /* MFATOTP.storyboard */,
				2FFF342B221EF0E30098AB63 /* MFASecurityQuestionViewController.swift */,
				2FFF342A221EF0E30098AB63 /* MFASecurityQuestion.storyboard */,
			);
			path = MFA;
			sourceTree = "<group>";
		};
		FAE1548C21E5FB2C00B89097 = {
			isa = PBXGroup;
			children = (
				FAE1549721E5FB2C00B89097 /* OktaNativeLogin */,
				FAE1549621E5FB2C00B89097 /* Products */,
			);
			sourceTree = "<group>";
		};
		FAE1549621E5FB2C00B89097 /* Products */ = {
			isa = PBXGroup;
			children = (
				FAE1549521E5FB2C00B89097 /* OktaNativeLogin.app */,
			);
			name = Products;
			sourceTree = "<group>";
		};
		FAE1549721E5FB2C00B89097 /* OktaNativeLogin */ = {
			isa = PBXGroup;
			children = (
				FAE1549821E5FB2C00B89097 /* AppDelegate.swift */,
				2F9B84A821EFA30C003E6F17 /* NativeSignInViewController.swift */,
				FAE1549A21E5FB2C00B89097 /* LoginFormViewController.swift */,
				2FA4563C21F0BB0B000ACBE2 /* UserProfileViewController.swift */,
				2FA4566221F740D0000ACBE2 /* PasswordResetViewController.swift */,
				2F7435892204789300B47967 /* MFA */,
				2FA643212243CA810008DC97 /* PasswordReset.storyboard */,
				FAE1549C21E5FB2C00B89097 /* Main.storyboard */,
				2FC37CDF21FEF5B5008DB806 /* LoginForm.storyboard */,
				2FC37CE221FEF5B9008DB806 /* UserProfile.storyboard */,
				FAE1549F21E5FB2D00B89097 /* Assets.xcassets */,
				FAE154A121E5FB2D00B89097 /* LaunchScreen.storyboard */,
				F57B5ED821ECCD0700895A26 /* Okta.plist */,
				FAE154A421E5FB2D00B89097 /* Info.plist */,
			);
			path = OktaNativeLogin;
			sourceTree = "<group>";
		};
/* End PBXGroup section */

/* Begin PBXNativeTarget section */
		FAE1549421E5FB2C00B89097 /* OktaNativeLogin */ = {
			isa = PBXNativeTarget;
			buildConfigurationList = FAE154A721E5FB2D00B89097 /* Build configuration list for PBXNativeTarget "OktaNativeLogin" */;
			buildPhases = (
				FAE1549121E5FB2C00B89097 /* Sources */,
				FAE1549221E5FB2C00B89097 /* Frameworks */,
				FAE1549321E5FB2C00B89097 /* Resources */,
			);
			buildRules = (
			);
			dependencies = (
			);
			name = OktaNativeLogin;
			productName = OktaNativeLogin;
			productReference = FAE1549521E5FB2C00B89097 /* OktaNativeLogin.app */;
			productType = "com.apple.product-type.application";
		};
/* End PBXNativeTarget section */

/* Begin PBXProject section */
		FAE1548D21E5FB2C00B89097 /* Project object */ = {
			isa = PBXProject;
			attributes = {
				LastSwiftUpdateCheck = 1010;
				LastUpgradeCheck = 1010;
				ORGANIZATIONNAME = Okta;
				TargetAttributes = {
					FAE1549421E5FB2C00B89097 = {
						CreatedOnToolsVersion = 10.1;
					};
				};
			};
			buildConfigurationList = FAE1549021E5FB2C00B89097 /* Build configuration list for PBXProject "OktaNativeLogin" */;
			compatibilityVersion = "Xcode 9.3";
			developmentRegion = en;
			hasScannedForEncodings = 0;
			knownRegions = (
				en,
				Base,
			);
			mainGroup = FAE1548C21E5FB2C00B89097;
			productRefGroup = FAE1549621E5FB2C00B89097 /* Products */;
			projectDirPath = "";
			projectRoot = "";
			targets = (
				FAE1549421E5FB2C00B89097 /* OktaNativeLogin */,
			);
		};
/* End PBXProject section */

/* Begin PBXResourcesBuildPhase section */
		FAE1549321E5FB2C00B89097 /* Resources */ = {
			isa = PBXResourcesBuildPhase;
			buildActionMask = 2147483647;
			files = (
				2FC37CE021FEF5B9008DB806 /* UserProfile.storyboard in Resources */,
				2FA643232243CA810008DC97 /* PasswordReset.storyboard in Resources */,
				2FFF342C221EF0E30098AB63 /* MFASecurityQuestion.storyboard in Resources */,
				2F74358B2204789300B47967 /* MFA.storyboard in Resources */,
				FAE154A321E5FB2D00B89097 /* LaunchScreen.storyboard in Resources */,
				2FFF34232216CC170098AB63 /* MFATOTP.storyboard in Resources */,
				FAE154A021E5FB2D00B89097 /* Assets.xcassets in Resources */,
				FAE1549E21E5FB2C00B89097 /* Main.storyboard in Resources */,
				2F74358F220486A800B47967 /* MFAPush.storyboard in Resources */,
				2FFF341B2215DF7C0098AB63 /* MFASMS.storyboard in Resources */,
				2FC37CDD21FEF5B5008DB806 /* LoginForm.storyboard in Resources */,
				F57B5EDC21ECCD0700895A26 /* Okta.plist in Resources */,
			);
			runOnlyForDeploymentPostprocessing = 0;
		};
/* End PBXResourcesBuildPhase section */

/* Begin PBXSourcesBuildPhase section */
		FAE1549121E5FB2C00B89097 /* Sources */ = {
			isa = PBXSourcesBuildPhase;
			buildActionMask = 2147483647;
			files = (
				FAE1549B21E5FB2C00B89097 /* LoginFormViewController.swift in Sources */,
				2F74358D220478B000B47967 /* MFAViewController.swift in Sources */,
				2F743591220486E000B47967 /* MFAPushViewController.swift in Sources */,
				2FFF342D221EF0E30098AB63 /* MFASecurityQuestionViewController.swift in Sources */,
				2FFF34192215DF640098AB63 /* MFASMSViewController.swift in Sources */,
				2FFF34212216CC020098AB63 /* MFATOTPViewController.swift in Sources */,
				2FA4566321F740D0000ACBE2 /* PasswordResetViewController.swift in Sources */,
				2FA4563D21F0BB0B000ACBE2 /* UserProfileViewController.swift in Sources */,
				2F9B84A921EFA30C003E6F17 /* NativeSignInViewController.swift in Sources */,
				FAE1549921E5FB2C00B89097 /* AppDelegate.swift in Sources */,
			);
			runOnlyForDeploymentPostprocessing = 0;
		};
/* End PBXSourcesBuildPhase section */

/* Begin PBXVariantGroup section */
		2FA643212243CA810008DC97 /* PasswordReset.storyboard */ = {
			isa = PBXVariantGroup;
			children = (
				2FA643222243CA810008DC97 /* Base */,
			);
			name = PasswordReset.storyboard;
			sourceTree = "<group>";
		};
		2FC37CDF21FEF5B5008DB806 /* LoginForm.storyboard */ = {
			isa = PBXVariantGroup;
			children = (
				2FC37CDE21FEF5B5008DB806 /* Base */,
			);
			name = LoginForm.storyboard;
			sourceTree = "<group>";
		};
		2FC37CE221FEF5B9008DB806 /* UserProfile.storyboard */ = {
			isa = PBXVariantGroup;
			children = (
				2FC37CE121FEF5B9008DB806 /* Base */,
			);
			name = UserProfile.storyboard;
			sourceTree = "<group>";
		};
		FAE1549C21E5FB2C00B89097 /* Main.storyboard */ = {
			isa = PBXVariantGroup;
			children = (
				FAE1549D21E5FB2C00B89097 /* Base */,
			);
			name = Main.storyboard;
			sourceTree = "<group>";
		};
		FAE154A121E5FB2D00B89097 /* LaunchScreen.storyboard */ = {
			isa = PBXVariantGroup;
			children = (
				FAE154A221E5FB2D00B89097 /* Base */,
			);
			name = LaunchScreen.storyboard;
			sourceTree = "<group>";
		};
/* End PBXVariantGroup section */

/* Begin XCBuildConfiguration section */
		FAE154A521E5FB2D00B89097 /* Debug */ = {
			isa = XCBuildConfiguration;
			buildSettings = {
				ALWAYS_SEARCH_USER_PATHS = NO;
				CLANG_ANALYZER_NONNULL = YES;
				CLANG_ANALYZER_NUMBER_OBJECT_CONVERSION = YES_AGGRESSIVE;
				CLANG_CXX_LANGUAGE_STANDARD = "gnu++14";
				CLANG_CXX_LIBRARY = "libc++";
				CLANG_ENABLE_MODULES = YES;
				CLANG_ENABLE_OBJC_ARC = YES;
				CLANG_ENABLE_OBJC_WEAK = YES;
				CLANG_WARN_BLOCK_CAPTURE_AUTORELEASING = YES;
				CLANG_WARN_BOOL_CONVERSION = YES;
				CLANG_WARN_COMMA = YES;
				CLANG_WARN_CONSTANT_CONVERSION = YES;
				CLANG_WARN_DEPRECATED_OBJC_IMPLEMENTATIONS = YES;
				CLANG_WARN_DIRECT_OBJC_ISA_USAGE = YES_ERROR;
				CLANG_WARN_DOCUMENTATION_COMMENTS = YES;
				CLANG_WARN_EMPTY_BODY = YES;
				CLANG_WARN_ENUM_CONVERSION = YES;
				CLANG_WARN_INFINITE_RECURSION = YES;
				CLANG_WARN_INT_CONVERSION = YES;
				CLANG_WARN_NON_LITERAL_NULL_CONVERSION = YES;
				CLANG_WARN_OBJC_IMPLICIT_RETAIN_SELF = YES;
				CLANG_WARN_OBJC_LITERAL_CONVERSION = YES;
				CLANG_WARN_OBJC_ROOT_CLASS = YES_ERROR;
				CLANG_WARN_RANGE_LOOP_ANALYSIS = YES;
				CLANG_WARN_STRICT_PROTOTYPES = YES;
				CLANG_WARN_SUSPICIOUS_MOVE = YES;
				CLANG_WARN_UNGUARDED_AVAILABILITY = YES_AGGRESSIVE;
				CLANG_WARN_UNREACHABLE_CODE = YES;
				CLANG_WARN__DUPLICATE_METHOD_MATCH = YES;
				CODE_SIGN_IDENTITY = "iPhone Developer";
				COPY_PHASE_STRIP = NO;
				DEBUG_INFORMATION_FORMAT = dwarf;
				ENABLE_STRICT_OBJC_MSGSEND = YES;
				ENABLE_TESTABILITY = YES;
				GCC_C_LANGUAGE_STANDARD = gnu11;
				GCC_DYNAMIC_NO_PIC = NO;
				GCC_NO_COMMON_BLOCKS = YES;
				GCC_OPTIMIZATION_LEVEL = 0;
				GCC_PREPROCESSOR_DEFINITIONS = (
					"DEBUG=1",
					"$(inherited)",
				);
				GCC_WARN_64_TO_32_BIT_CONVERSION = YES;
				GCC_WARN_ABOUT_RETURN_TYPE = YES_ERROR;
				GCC_WARN_UNDECLARED_SELECTOR = YES;
				GCC_WARN_UNINITIALIZED_AUTOS = YES_AGGRESSIVE;
				GCC_WARN_UNUSED_FUNCTION = YES;
				GCC_WARN_UNUSED_VARIABLE = YES;
				IPHONEOS_DEPLOYMENT_TARGET = 12.1;
				MTL_ENABLE_DEBUG_INFO = INCLUDE_SOURCE;
				MTL_FAST_MATH = YES;
				ONLY_ACTIVE_ARCH = YES;
				SDKROOT = iphoneos;
				SWIFT_ACTIVE_COMPILATION_CONDITIONS = DEBUG;
				SWIFT_OPTIMIZATION_LEVEL = "-Onone";
			};
			name = Debug;
		};
		FAE154A621E5FB2D00B89097 /* Release */ = {
			isa = XCBuildConfiguration;
			buildSettings = {
				ALWAYS_SEARCH_USER_PATHS = NO;
				CLANG_ANALYZER_NONNULL = YES;
				CLANG_ANALYZER_NUMBER_OBJECT_CONVERSION = YES_AGGRESSIVE;
				CLANG_CXX_LANGUAGE_STANDARD = "gnu++14";
				CLANG_CXX_LIBRARY = "libc++";
				CLANG_ENABLE_MODULES = YES;
				CLANG_ENABLE_OBJC_ARC = YES;
				CLANG_ENABLE_OBJC_WEAK = YES;
				CLANG_WARN_BLOCK_CAPTURE_AUTORELEASING = YES;
				CLANG_WARN_BOOL_CONVERSION = YES;
				CLANG_WARN_COMMA = YES;
				CLANG_WARN_CONSTANT_CONVERSION = YES;
				CLANG_WARN_DEPRECATED_OBJC_IMPLEMENTATIONS = YES;
				CLANG_WARN_DIRECT_OBJC_ISA_USAGE = YES_ERROR;
				CLANG_WARN_DOCUMENTATION_COMMENTS = YES;
				CLANG_WARN_EMPTY_BODY = YES;
				CLANG_WARN_ENUM_CONVERSION = YES;
				CLANG_WARN_INFINITE_RECURSION = YES;
				CLANG_WARN_INT_CONVERSION = YES;
				CLANG_WARN_NON_LITERAL_NULL_CONVERSION = YES;
				CLANG_WARN_OBJC_IMPLICIT_RETAIN_SELF = YES;
				CLANG_WARN_OBJC_LITERAL_CONVERSION = YES;
				CLANG_WARN_OBJC_ROOT_CLASS = YES_ERROR;
				CLANG_WARN_RANGE_LOOP_ANALYSIS = YES;
				CLANG_WARN_STRICT_PROTOTYPES = YES;
				CLANG_WARN_SUSPICIOUS_MOVE = YES;
				CLANG_WARN_UNGUARDED_AVAILABILITY = YES_AGGRESSIVE;
				CLANG_WARN_UNREACHABLE_CODE = YES;
				CLANG_WARN__DUPLICATE_METHOD_MATCH = YES;
				CODE_SIGN_IDENTITY = "iPhone Developer";
				COPY_PHASE_STRIP = NO;
				DEBUG_INFORMATION_FORMAT = "dwarf-with-dsym";
				ENABLE_NS_ASSERTIONS = NO;
				ENABLE_STRICT_OBJC_MSGSEND = YES;
				GCC_C_LANGUAGE_STANDARD = gnu11;
				GCC_NO_COMMON_BLOCKS = YES;
				GCC_WARN_64_TO_32_BIT_CONVERSION = YES;
				GCC_WARN_ABOUT_RETURN_TYPE = YES_ERROR;
				GCC_WARN_UNDECLARED_SELECTOR = YES;
				GCC_WARN_UNINITIALIZED_AUTOS = YES_AGGRESSIVE;
				GCC_WARN_UNUSED_FUNCTION = YES;
				GCC_WARN_UNUSED_VARIABLE = YES;
				IPHONEOS_DEPLOYMENT_TARGET = 12.1;
				MTL_ENABLE_DEBUG_INFO = NO;
				MTL_FAST_MATH = YES;
				SDKROOT = iphoneos;
				SWIFT_COMPILATION_MODE = wholemodule;
				SWIFT_OPTIMIZATION_LEVEL = "-O";
				VALIDATE_PRODUCT = YES;
			};
			name = Release;
		};
		FAE154A821E5FB2D00B89097 /* Debug */ = {
			isa = XCBuildConfiguration;
			buildSettings = {
				ASSETCATALOG_COMPILER_APPICON_NAME = AppIcon;
				CODE_SIGN_STYLE = Automatic;
				DEVELOPMENT_TEAM = JTATZGJR5N;
				INFOPLIST_FILE = OktaNativeLogin/Info.plist;
				LD_RUNPATH_SEARCH_PATHS = (
					"$(inherited)",
					"@executable_path/Frameworks",
				);
				PRODUCT_BUNDLE_IDENTIFIER = com.okta.OktaNativeLogin;
				PRODUCT_NAME = "$(TARGET_NAME)";
				SWIFT_VERSION = 4.2;
				TARGETED_DEVICE_FAMILY = "1,2";
			};
			name = Debug;
		};
		FAE154A921E5FB2D00B89097 /* Release */ = {
			isa = XCBuildConfiguration;
			buildSettings = {
				ASSETCATALOG_COMPILER_APPICON_NAME = AppIcon;
				CODE_SIGN_STYLE = Automatic;
				DEVELOPMENT_TEAM = JTATZGJR5N;
				INFOPLIST_FILE = OktaNativeLogin/Info.plist;
				LD_RUNPATH_SEARCH_PATHS = (
					"$(inherited)",
					"@executable_path/Frameworks",
				);
				PRODUCT_BUNDLE_IDENTIFIER = com.okta.OktaNativeLogin;
				PRODUCT_NAME = "$(TARGET_NAME)";
				SWIFT_VERSION = 4.2;
				TARGETED_DEVICE_FAMILY = "1,2";
			};
			name = Release;
		};
/* End XCBuildConfiguration section */

/* Begin XCConfigurationList section */
		FAE1549021E5FB2C00B89097 /* Build configuration list for PBXProject "OktaNativeLogin" */ = {
			isa = XCConfigurationList;
			buildConfigurations = (
				FAE154A521E5FB2D00B89097 /* Debug */,
				FAE154A621E5FB2D00B89097 /* Release */,
			);
			defaultConfigurationIsVisible = 0;
			defaultConfigurationName = Release;
		};
		FAE154A721E5FB2D00B89097 /* Build configuration list for PBXNativeTarget "OktaNativeLogin" */ = {
			isa = XCConfigurationList;
			buildConfigurations = (
				FAE154A821E5FB2D00B89097 /* Debug */,
				FAE154A921E5FB2D00B89097 /* Release */,
			);
			defaultConfigurationIsVisible = 0;
			defaultConfigurationName = Release;
		};
/* End XCConfigurationList section */
	};
	rootObject = FAE1548D21E5FB2C00B89097 /* Project object */;
}
