// !$*UTF8*$!
{
	archiveVersion = 1;
	classes = {
	};
	objectVersion = 50;
	objects = {

/* Begin PBXBuildFile section */
		2F09E8FF228981D700018D75 /* AppDelegate.swift in Sources */ = {isa = PBXBuildFile; fileRef = 2F09E8FE228981D700018D75 /* AppDelegate.swift */; };
		2F09E901228981D700018D75 /* ViewController.swift in Sources */ = {isa = PBXBuildFile; fileRef = 2F09E900228981D700018D75 /* ViewController.swift */; };
		2F09E904228981D700018D75 /* Main.storyboard in Resources */ = {isa = PBXBuildFile; fileRef = 2F09E902228981D700018D75 /* Main.storyboard */; };
		2F09E906228981D800018D75 /* Assets.xcassets in Resources */ = {isa = PBXBuildFile; fileRef = 2F09E905228981D800018D75 /* Assets.xcassets */; };
		2F09E909228981D800018D75 /* LaunchScreen.storyboard in Resources */ = {isa = PBXBuildFile; fileRef = 2F09E907228981D800018D75 /* LaunchScreen.storyboard */; };
		2F09E9112289A4CC00018D75 /* QRScannerController.swift in Sources */ = {isa = PBXBuildFile; fileRef = 2F09E9102289A4CC00018D75 /* QRScannerController.swift */; };
		2F09E913228C68AC00018D75 /* TokenCellView.swift in Sources */ = {isa = PBXBuildFile; fileRef = 2F09E912228C68AC00018D75 /* TokenCellView.swift */; };
/* End PBXBuildFile section */

/* Begin PBXFileReference section */
		2F09E8FB228981D700018D75 /* TOTP App.app */ = {isa = PBXFileReference; explicitFileType = wrapper.application; includeInIndex = 0; path = "TOTP App.app"; sourceTree = BUILT_PRODUCTS_DIR; };
		2F09E8FE228981D700018D75 /* AppDelegate.swift */ = {isa = PBXFileReference; lastKnownFileType = sourcecode.swift; path = AppDelegate.swift; sourceTree = "<group>"; };
		2F09E900228981D700018D75 /* ViewController.swift */ = {isa = PBXFileReference; lastKnownFileType = sourcecode.swift; path = ViewController.swift; sourceTree = "<group>"; };
		2F09E903228981D700018D75 /* Base */ = {isa = PBXFileReference; lastKnownFileType = file.storyboard; name = Base; path = Base.lproj/Main.storyboard; sourceTree = "<group>"; };
		2F09E905228981D800018D75 /* Assets.xcassets */ = {isa = PBXFileReference; lastKnownFileType = folder.assetcatalog; path = Assets.xcassets; sourceTree = "<group>"; };
		2F09E908228981D800018D75 /* Base */ = {isa = PBXFileReference; lastKnownFileType = file.storyboard; name = Base; path = Base.lproj/LaunchScreen.storyboard; sourceTree = "<group>"; };
		2F09E90A228981D800018D75 /* Info.plist */ = {isa = PBXFileReference; lastKnownFileType = text.plist.xml; path = Info.plist; sourceTree = "<group>"; };
		2F09E9102289A4CC00018D75 /* QRScannerController.swift */ = {isa = PBXFileReference; lastKnownFileType = sourcecode.swift; path = QRScannerController.swift; sourceTree = "<group>"; };
		2F09E912228C68AC00018D75 /* TokenCellView.swift */ = {isa = PBXFileReference; lastKnownFileType = sourcecode.swift; path = TokenCellView.swift; sourceTree = "<group>"; };
/* End PBXFileReference section */

/* Begin PBXFrameworksBuildPhase section */
		2F09E8F8228981D700018D75 /* Frameworks */ = {
			isa = PBXFrameworksBuildPhase;
			buildActionMask = 2147483647;
			files = (
			);
			runOnlyForDeploymentPostprocessing = 0;
		};
/* End PBXFrameworksBuildPhase section */

/* Begin PBXGroup section */
		2F09E8F2228981D700018D75 = {
			isa = PBXGroup;
			children = (
				2F09E8FD228981D700018D75 /* TOTP App */,
				2F09E8FC228981D700018D75 /* Products */,
				A3154D5AB01244B8457FA283 /* Pods */,
			);
			sourceTree = "<group>";
		};
		2F09E8FC228981D700018D75 /* Products */ = {
			isa = PBXGroup;
			children = (
				2F09E8FB228981D700018D75 /* TOTP App.app */,
			);
			name = Products;
			sourceTree = "<group>";
		};
		2F09E8FD228981D700018D75 /* TOTP App */ = {
			isa = PBXGroup;
			children = (
				2F09E8FE228981D700018D75 /* AppDelegate.swift */,
				2F09E900228981D700018D75 /* ViewController.swift */,
				2F09E9102289A4CC00018D75 /* QRScannerController.swift */,
				2F09E912228C68AC00018D75 /* TokenCellView.swift */,
				2F09E902228981D700018D75 /* Main.storyboard */,
				2F09E905228981D800018D75 /* Assets.xcassets */,
				2F09E907228981D800018D75 /* LaunchScreen.storyboard */,
				2F09E90A228981D800018D75 /* Info.plist */,
			);
			path = "TOTP App";
			sourceTree = "<group>";
		};
		A3154D5AB01244B8457FA283 /* Pods */ = {
			isa = PBXGroup;
			children = (
			);
			path = Pods;
			sourceTree = "<group>";
		};
/* End PBXGroup section */

/* Begin PBXNativeTarget section */
		2F09E8FA228981D700018D75 /* TOTP App */ = {
			isa = PBXNativeTarget;
			buildConfigurationList = 2F09E90D228981D800018D75 /* Build configuration list for PBXNativeTarget "TOTP App" */;
			buildPhases = (
				2F09E8F7228981D700018D75 /* Sources */,
				2F09E8F8228981D700018D75 /* Frameworks */,
				2F09E8F9228981D700018D75 /* Resources */,
			);
			buildRules = (
			);
			dependencies = (
			);
			name = "TOTP App";
			productName = "TOTP App";
			productReference = 2F09E8FB228981D700018D75 /* TOTP App.app */;
			productType = "com.apple.product-type.application";
		};
/* End PBXNativeTarget section */

/* Begin PBXProject section */
		2F09E8F3228981D700018D75 /* Project object */ = {
			isa = PBXProject;
			attributes = {
				LastSwiftUpdateCheck = 1020;
				LastUpgradeCheck = 1020;
				ORGANIZATIONNAME = Okta;
				TargetAttributes = {
					2F09E8FA228981D700018D75 = {
						CreatedOnToolsVersion = 10.2.1;
					};
				};
			};
			buildConfigurationList = 2F09E8F6228981D700018D75 /* Build configuration list for PBXProject "TOTP App" */;
			compatibilityVersion = "Xcode 9.3";
			developmentRegion = en;
			hasScannedForEncodings = 0;
			knownRegions = (
				en,
				Base,
			);
			mainGroup = 2F09E8F2228981D700018D75;
			productRefGroup = 2F09E8FC228981D700018D75 /* Products */;
			projectDirPath = "";
			projectRoot = "";
			targets = (
				2F09E8FA228981D700018D75 /* TOTP App */,
			);
		};
/* End PBXProject section */

/* Begin PBXResourcesBuildPhase section */
		2F09E8F9228981D700018D75 /* Resources */ = {
			isa = PBXResourcesBuildPhase;
			buildActionMask = 2147483647;
			files = (
				2F09E909228981D800018D75 /* LaunchScreen.storyboard in Resources */,
				2F09E906228981D800018D75 /* Assets.xcassets in Resources */,
				2F09E904228981D700018D75 /* Main.storyboard in Resources */,
			);
			runOnlyForDeploymentPostprocessing = 0;
		};
/* End PBXResourcesBuildPhase section */

/* Begin PBXSourcesBuildPhase section */
		2F09E8F7228981D700018D75 /* Sources */ = {
			isa = PBXSourcesBuildPhase;
			buildActionMask = 2147483647;
			files = (
				2F09E901228981D700018D75 /* ViewController.swift in Sources */,
				2F09E8FF228981D700018D75 /* AppDelegate.swift in Sources */,
				2F09E913228C68AC00018D75 /* TokenCellView.swift in Sources */,
				2F09E9112289A4CC00018D75 /* QRScannerController.swift in Sources */,
			);
			runOnlyForDeploymentPostprocessing = 0;
		};
/* End PBXSourcesBuildPhase section */

/* Begin PBXVariantGroup section */
		2F09E902228981D700018D75 /* Main.storyboard */ = {
			isa = PBXVariantGroup;
			children = (
				2F09E903228981D700018D75 /* Base */,
			);
			name = Main.storyboard;
			sourceTree = "<group>";
		};
		2F09E907228981D800018D75 /* LaunchScreen.storyboard */ = {
			isa = PBXVariantGroup;
			children = (
				2F09E908228981D800018D75 /* Base */,
			);
			name = LaunchScreen.storyboard;
			sourceTree = "<group>";
		};
/* End PBXVariantGroup section */

/* Begin XCBuildConfiguration section */
		2F09E90B228981D800018D75 /* Debug */ = {
			isa = XCBuildConfiguration;
			buildSettings = {
				ALWAYS_SEARCH_USER_PATHS = NO;
				CLANG_ANALYZER_NONNULL = YES;
				CLANG_ANALYZER_NUMBER_OBJECT_CONVERSION = YES_AGGRESSIVE;
				CLANG_CXX_LANGUAGE_STANDARD = "gnu++14";
				CLANG_CXX_LIBRARY = "libc++";
				CLANG_ENABLE_MODULES = YES;
				CLANG_ENABLE_OBJC_ARC = YES;
				CLANG_ENABLE_OBJC_WEAK = YES;
				CLANG_WARN_BLOCK_CAPTURE_AUTORELEASING = YES;
				CLANG_WARN_BOOL_CONVERSION = YES;
				CLANG_WARN_COMMA = YES;
				CLANG_WARN_CONSTANT_CONVERSION = YES;
				CLANG_WARN_DEPRECATED_OBJC_IMPLEMENTATIONS = YES;
				CLANG_WARN_DIRECT_OBJC_ISA_USAGE = YES_ERROR;
				CLANG_WARN_DOCUMENTATION_COMMENTS = YES;
				CLANG_WARN_EMPTY_BODY = YES;
				CLANG_WARN_ENUM_CONVERSION = YES;
				CLANG_WARN_INFINITE_RECURSION = YES;
				CLANG_WARN_INT_CONVERSION = YES;
				CLANG_WARN_NON_LITERAL_NULL_CONVERSION = YES;
				CLANG_WARN_OBJC_IMPLICIT_RETAIN_SELF = YES;
				CLANG_WARN_OBJC_LITERAL_CONVERSION = YES;
				CLANG_WARN_OBJC_ROOT_CLASS = YES_ERROR;
				CLANG_WARN_RANGE_LOOP_ANALYSIS = YES;
				CLANG_WARN_STRICT_PROTOTYPES = YES;
				CLANG_WARN_SUSPICIOUS_MOVE = YES;
				CLANG_WARN_UNGUARDED_AVAILABILITY = YES_AGGRESSIVE;
				CLANG_WARN_UNREACHABLE_CODE = YES;
				CLANG_WARN__DUPLICATE_METHOD_MATCH = YES;
				CODE_SIGN_IDENTITY = "iPhone Developer";
				COPY_PHASE_STRIP = NO;
				DEBUG_INFORMATION_FORMAT = dwarf;
				ENABLE_STRICT_OBJC_MSGSEND = YES;
				ENABLE_TESTABILITY = YES;
				GCC_C_LANGUAGE_STANDARD = gnu11;
				GCC_DYNAMIC_NO_PIC = NO;
				GCC_NO_COMMON_BLOCKS = YES;
				GCC_OPTIMIZATION_LEVEL = 0;
				GCC_PREPROCESSOR_DEFINITIONS = (
					"DEBUG=1",
					"$(inherited)",
				);
				GCC_WARN_64_TO_32_BIT_CONVERSION = YES;
				GCC_WARN_ABOUT_RETURN_TYPE = YES_ERROR;
				GCC_WARN_UNDECLARED_SELECTOR = YES;
				GCC_WARN_UNINITIALIZED_AUTOS = YES_AGGRESSIVE;
				GCC_WARN_UNUSED_FUNCTION = YES;
				GCC_WARN_UNUSED_VARIABLE = YES;
				IPHONEOS_DEPLOYMENT_TARGET = 12.2;
				MTL_ENABLE_DEBUG_INFO = INCLUDE_SOURCE;
				MTL_FAST_MATH = YES;
				ONLY_ACTIVE_ARCH = YES;
				SDKROOT = iphoneos;
				SWIFT_ACTIVE_COMPILATION_CONDITIONS = DEBUG;
				SWIFT_OPTIMIZATION_LEVEL = "-Onone";
			};
			name = Debug;
		};
		2F09E90C228981D800018D75 /* Release */ = {
			isa = XCBuildConfiguration;
			buildSettings = {
				ALWAYS_SEARCH_USER_PATHS = NO;
				CLANG_ANALYZER_NONNULL = YES;
				CLANG_ANALYZER_NUMBER_OBJECT_CONVERSION = YES_AGGRESSIVE;
				CLANG_CXX_LANGUAGE_STANDARD = "gnu++14";
				CLANG_CXX_LIBRARY = "libc++";
				CLANG_ENABLE_MODULES = YES;
				CLANG_ENABLE_OBJC_ARC = YES;
				CLANG_ENABLE_OBJC_WEAK = YES;
				CLANG_WARN_BLOCK_CAPTURE_AUTORELEASING = YES;
				CLANG_WARN_BOOL_CONVERSION = YES;
				CLANG_WARN_COMMA = YES;
				CLANG_WARN_CONSTANT_CONVERSION = YES;
				CLANG_WARN_DEPRECATED_OBJC_IMPLEMENTATIONS = YES;
				CLANG_WARN_DIRECT_OBJC_ISA_USAGE = YES_ERROR;
				CLANG_WARN_DOCUMENTATION_COMMENTS = YES;
				CLANG_WARN_EMPTY_BODY = YES;
				CLANG_WARN_ENUM_CONVERSION = YES;
				CLANG_WARN_INFINITE_RECURSION = YES;
				CLANG_WARN_INT_CONVERSION = YES;
				CLANG_WARN_NON_LITERAL_NULL_CONVERSION = YES;
				CLANG_WARN_OBJC_IMPLICIT_RETAIN_SELF = YES;
				CLANG_WARN_OBJC_LITERAL_CONVERSION = YES;
				CLANG_WARN_OBJC_ROOT_CLASS = YES_ERROR;
				CLANG_WARN_RANGE_LOOP_ANALYSIS = YES;
				CLANG_WARN_STRICT_PROTOTYPES = YES;
				CLANG_WARN_SUSPICIOUS_MOVE = YES;
				CLANG_WARN_UNGUARDED_AVAILABILITY = YES_AGGRESSIVE;
				CLANG_WARN_UNREACHABLE_CODE = YES;
				CLANG_WARN__DUPLICATE_METHOD_MATCH = YES;
				CODE_SIGN_IDENTITY = "iPhone Developer";
				COPY_PHASE_STRIP = NO;
				DEBUG_INFORMATION_FORMAT = "dwarf-with-dsym";
				ENABLE_NS_ASSERTIONS = NO;
				ENABLE_STRICT_OBJC_MSGSEND = YES;
				GCC_C_LANGUAGE_STANDARD = gnu11;
				GCC_NO_COMMON_BLOCKS = YES;
				GCC_WARN_64_TO_32_BIT_CONVERSION = YES;
				GCC_WARN_ABOUT_RETURN_TYPE = YES_ERROR;
				GCC_WARN_UNDECLARED_SELECTOR = YES;
				GCC_WARN_UNINITIALIZED_AUTOS = YES_AGGRESSIVE;
				GCC_WARN_UNUSED_FUNCTION = YES;
				GCC_WARN_UNUSED_VARIABLE = YES;
				IPHONEOS_DEPLOYMENT_TARGET = 12.2;
				MTL_ENABLE_DEBUG_INFO = NO;
				MTL_FAST_MATH = YES;
				SDKROOT = iphoneos;
				SWIFT_COMPILATION_MODE = wholemodule;
				SWIFT_OPTIMIZATION_LEVEL = "-O";
				VALIDATE_PRODUCT = YES;
			};
			name = Release;
		};
		2F09E90E228981D800018D75 /* Debug */ = {
			isa = XCBuildConfiguration;
			buildSettings = {
				ASSETCATALOG_COMPILER_APPICON_NAME = AppIcon;
				CODE_SIGN_STYLE = Automatic;
				DEVELOPMENT_TEAM = K8Y9P894R8;
				INFOPLIST_FILE = "TOTP App/Info.plist";
				LD_RUNPATH_SEARCH_PATHS = (
					"$(inherited)",
					"@executable_path/Frameworks",
				);
				PRODUCT_BUNDLE_IDENTIFIER = "com.okta.TOTP-App";
				PRODUCT_NAME = "$(TARGET_NAME)";
				SWIFT_VERSION = 5.0;
				TARGETED_DEVICE_FAMILY = "1,2";
			};
			name = Debug;
		};
		2F09E90F228981D800018D75 /* Release */ = {
			isa = XCBuildConfiguration;
			buildSettings = {
				ASSETCATALOG_COMPILER_APPICON_NAME = AppIcon;
				CODE_SIGN_STYLE = Automatic;
				DEVELOPMENT_TEAM = K8Y9P894R8;
				INFOPLIST_FILE = "TOTP App/Info.plist";
				LD_RUNPATH_SEARCH_PATHS = (
					"$(inherited)",
					"@executable_path/Frameworks",
				);
				PRODUCT_BUNDLE_IDENTIFIER = "com.okta.TOTP-App";
				PRODUCT_NAME = "$(TARGET_NAME)";
				SWIFT_VERSION = 5.0;
				TARGETED_DEVICE_FAMILY = "1,2";
			};
			name = Release;
		};
/* End XCBuildConfiguration section */

/* Begin XCConfigurationList section */
		2F09E8F6228981D700018D75 /* Build configuration list for PBXProject "TOTP App" */ = {
			isa = XCConfigurationList;
			buildConfigurations = (
				2F09E90B228981D800018D75 /* Debug */,
				2F09E90C228981D800018D75 /* Release */,
			);
			defaultConfigurationIsVisible = 0;
			defaultConfigurationName = Release;
		};
		2F09E90D228981D800018D75 /* Build configuration list for PBXNativeTarget "TOTP App" */ = {
			isa = XCConfigurationList;
			buildConfigurations = (
				2F09E90E228981D800018D75 /* Debug */,
				2F09E90F228981D800018D75 /* Release */,
			);
			defaultConfigurationIsVisible = 0;
			defaultConfigurationName = Release;
		};
/* End XCConfigurationList section */
	};
	rootObject = 2F09E8F3228981D700018D75 /* Project object */;
}
